
Microsoft Visual Studio Solution File, Format Version 12.00
# Visual Studio Version 16
VisualStudioVersion = 16.0.29728.190
MinimumVisualStudioVersion = 10.0.40219.1
Project("{9A19103F-16F7-4668-BE54-9A1E7A4F7556}") = "Domain", "src\Domain\Domain.csproj", "{7DCEFF36-FA39-4411-8F9D-865A6E0A51E0}"
EndProject
Project("{2150E333-8FDC-42A3-9474-1A3956D46DE8}") = "2. Domain", "2. Domain", "{7E5E4129-D43F-4E09-866B-158357389D86}"
EndProject
Project("{2150E333-8FDC-42A3-9474-1A3956D46DE8}") = "0. Web", "0. Web", "{F26AC3A1-A24D-40F9-8ECE-E66D20EAC50E}"
EndProject
Project("{2150E333-8FDC-42A3-9474-1A3956D46DE8}") = "1. Application", "1. Application", "{B3C93041-BD4D-4129-AFEC-D86DCB8D18B3}"
EndProject
Project("{2150E333-8FDC-42A3-9474-1A3956D46DE8}") = "3. Infrastructure", "3. Infrastructure", "{54E4255B-080B-44D8-9C7F-974F1961CEC8}"
EndProject
Project("{2150E333-8FDC-42A3-9474-1A3956D46DE8}") = "4. Test", "4. Test", "{7E8CDB65-1168-430F-8FAE-06D30C5A4226}"
EndProject
Project("{2150E333-8FDC-42A3-9474-1A3956D46DE8}") = "3.1 CrossCutting", "3.1 CrossCutting", "{49EE8364-B898-4C3E-BC85-798B3ADAB026}"
EndProject
Project("{2150E333-8FDC-42A3-9474-1A3956D46DE8}") = "3.2 Persistence", "3.2 Persistence", "{52957DAC-1859-41E0-AF60-195E637001CA}"
EndProject
Project("{9A19103F-16F7-4668-BE54-9A1E7A4F7556}") = "Repository", "src\Repository\Repository.csproj", "{A55BCF01-77EF-49E4-8FBF-AD68C49F6D33}"
EndProject
Project("{9A19103F-16F7-4668-BE54-9A1E7A4F7556}") = "Application", "src\Application\Application.csproj", "{895018E9-EF51-45DF-9A91-28A77223A38B}"
EndProject
Project("{9A19103F-16F7-4668-BE54-9A1E7A4F7556}") = "Test", "test\Test\Test.csproj", "{B7751152-D1B7-4366-B9A8-E5FBB3BE705E}"
EndProject
Project("{9A19103F-16F7-4668-BE54-9A1E7A4F7556}") = "API", "API\API.csproj", "{6B5655F8-8022-4F1C-826B-2BDF431AA5BE}"
EndProject
Project("{FAE04EC0-301F-11D3-BF4B-00C04F79EFBC}") = "IoC", "IoC\IoC.csproj", "{563F5E3B-6211-41EA-98B8-91D933A164EA}"
EndProject
Global
	GlobalSection(SolutionConfigurationPlatforms) = preSolution
		Debug|Any CPU = Debug|Any CPU
		Release|Any CPU = Release|Any CPU
	EndGlobalSection
	GlobalSection(ProjectConfigurationPlatforms) = postSolution
		{7DCEFF36-FA39-4411-8F9D-865A6E0A51E0}.Debug|Any CPU.ActiveCfg = Debug|Any CPU
		{7DCEFF36-FA39-4411-8F9D-865A6E0A51E0}.Debug|Any CPU.Build.0 = Debug|Any CPU
		{7DCEFF36-FA39-4411-8F9D-865A6E0A51E0}.Release|Any CPU.ActiveCfg = Release|Any CPU
		{7DCEFF36-FA39-4411-8F9D-865A6E0A51E0}.Release|Any CPU.Build.0 = Release|Any CPU
		{A55BCF01-77EF-49E4-8FBF-AD68C49F6D33}.Debug|Any CPU.ActiveCfg = Debug|Any CPU
		{A55BCF01-77EF-49E4-8FBF-AD68C49F6D33}.Debug|Any CPU.Build.0 = Debug|Any CPU
		{A55BCF01-77EF-49E4-8FBF-AD68C49F6D33}.Release|Any CPU.ActiveCfg = Release|Any CPU
		{A55BCF01-77EF-49E4-8FBF-AD68C49F6D33}.Release|Any CPU.Build.0 = Release|Any CPU
		{895018E9-EF51-45DF-9A91-28A77223A38B}.Debug|Any CPU.ActiveCfg = Debug|Any CPU
		{895018E9-EF51-45DF-9A91-28A77223A38B}.Debug|Any CPU.Build.0 = Debug|Any CPU
		{895018E9-EF51-45DF-9A91-28A77223A38B}.Release|Any CPU.ActiveCfg = Release|Any CPU
		{895018E9-EF51-45DF-9A91-28A77223A38B}.Release|Any CPU.Build.0 = Release|Any CPU
		{B7751152-D1B7-4366-B9A8-E5FBB3BE705E}.Debug|Any CPU.ActiveCfg = Debug|Any CPU
		{B7751152-D1B7-4366-B9A8-E5FBB3BE705E}.Debug|Any CPU.Build.0 = Debug|Any CPU
		{B7751152-D1B7-4366-B9A8-E5FBB3BE705E}.Release|Any CPU.ActiveCfg = Release|Any CPU
		{B7751152-D1B7-4366-B9A8-E5FBB3BE705E}.Release|Any CPU.Build.0 = Release|Any CPU
		{6B5655F8-8022-4F1C-826B-2BDF431AA5BE}.Debug|Any CPU.ActiveCfg = Debug|Any CPU
		{6B5655F8-8022-4F1C-826B-2BDF431AA5BE}.Debug|Any CPU.Build.0 = Debug|Any CPU
		{6B5655F8-8022-4F1C-826B-2BDF431AA5BE}.Release|Any CPU.ActiveCfg = Release|Any CPU
		{6B5655F8-8022-4F1C-826B-2BDF431AA5BE}.Release|Any CPU.Build.0 = Release|Any CPU
		{563F5E3B-6211-41EA-98B8-91D933A164EA}.Debug|Any CPU.ActiveCfg = Debug|Any CPU
		{563F5E3B-6211-41EA-98B8-91D933A164EA}.Debug|Any CPU.Build.0 = Debug|Any CPU
		{563F5E3B-6211-41EA-98B8-91D933A164EA}.Release|Any CPU.ActiveCfg = Release|Any CPU
		{563F5E3B-6211-41EA-98B8-91D933A164EA}.Release|Any CPU.Build.0 = Release|Any CPU
	EndGlobalSection
	GlobalSection(SolutionProperties) = preSolution
		HideSolutionNode = FALSE
	EndGlobalSection
	GlobalSection(NestedProjects) = preSolution
		{7DCEFF36-FA39-4411-8F9D-865A6E0A51E0} = {7E5E4129-D43F-4E09-866B-158357389D86}
		{49EE8364-B898-4C3E-BC85-798B3ADAB026} = {54E4255B-080B-44D8-9C7F-974F1961CEC8}
		{52957DAC-1859-41E0-AF60-195E637001CA} = {54E4255B-080B-44D8-9C7F-974F1961CEC8}
		{A55BCF01-77EF-49E4-8FBF-AD68C49F6D33} = {52957DAC-1859-41E0-AF60-195E637001CA}
		{895018E9-EF51-45DF-9A91-28A77223A38B} = {B3C93041-BD4D-4129-AFEC-D86DCB8D18B3}
		{B7751152-D1B7-4366-B9A8-E5FBB3BE705E} = {7E8CDB65-1168-430F-8FAE-06D30C5A4226}
		{6B5655F8-8022-4F1C-826B-2BDF431AA5BE} = {F26AC3A1-A24D-40F9-8ECE-E66D20EAC50E}
		{563F5E3B-6211-41EA-98B8-91D933A164EA} = {49EE8364-B898-4C3E-BC85-798B3ADAB026}
	EndGlobalSection
	GlobalSection(ExtensibilityGlobals) = postSolution
		SolutionGuid = {C2E3FE62-FC45-43EC-9B2C-DBBADA74754E}
	EndGlobalSection
EndGlobal
